
Microsoft Visual Studio Solution File, Format Version 12.00
# Visual Studio Version 17
VisualStudioVersion = 17.1.32414.318
MinimumVisualStudioVersion = 10.0.40219.1
Project("{FAE04EC0-301F-11D3-BF4B-00C04F79EFBC}") = "KingITProject", "KingITProject.csproj", "{DFFA34BF-A3E7-41E7-A736-5CDA0B9A773C}"
EndProject
Global
	GlobalSection(SolutionConfigurationPlatforms) = preSolution
		Debug|Any CPU = Debug|Any CPU
		Release|Any CPU = Release|Any CPU
	EndGlobalSection
	GlobalSection(ProjectConfigurationPlatforms) = postSolution
		{DFFA34BF-A3E7-41E7-A736-5CDA0B9A773C}.Debug|Any CPU.ActiveCfg = Debug|Any CPU
		{DFFA34BF-A3E7-41E7-A736-5CDA0B9A773C}.Debug|Any CPU.Build.0 = Debug|Any CPU
		{DFFA34BF-A3E7-41E7-A736-5CDA0B9A773C}.Release|Any CPU.ActiveCfg = Release|Any CPU
		{DFFA34BF-A3E7-41E7-A736-5CDA0B9A773C}.Release|Any CPU.Build.0 = Release|Any CPU
	EndGlobalSection
	GlobalSection(SolutionProperties) = preSolution
		HideSolutionNode = FALSE
	EndGlobalSection
	GlobalSection(ExtensibilityGlobals) = postSolution
		SolutionGuid = {15C7430F-AF26-488E-92D7-B5019B7413CA}
	EndGlobalSection
EndGlobal
